// !$*UTF8*$!
{
	archiveVersion = 1;
	classes = {
	};
	objectVersion = 55;
	objects = {

/* Begin PBXBuildFile section */
		293BC28A28F50C9A00B0BF2B /* AppDelegate.swift in Sources */ = {isa = PBXBuildFile; fileRef = 293BC28928F50C9A00B0BF2B /* AppDelegate.swift */; };
		293BC28C28F50C9A00B0BF2B /* SceneDelegate.swift in Sources */ = {isa = PBXBuildFile; fileRef = 293BC28B28F50C9A00B0BF2B /* SceneDelegate.swift */; };
		293BC28E28F50C9A00B0BF2B /* LoginViewController.swift in Sources */ = {isa = PBXBuildFile; fileRef = 293BC28D28F50C9A00B0BF2B /* LoginViewController.swift */; };
		293BC29328F50C9A00B0BF2B /* Assets.xcassets in Resources */ = {isa = PBXBuildFile; fileRef = 293BC29228F50C9A00B0BF2B /* Assets.xcassets */; };
		293BC2A128F50C9A00B0BF2B /* SmackChatTests.swift in Sources */ = {isa = PBXBuildFile; fileRef = 293BC2A028F50C9A00B0BF2B /* SmackChatTests.swift */; };
		293BC2AB28F50C9A00B0BF2B /* SmackChatUITests.swift in Sources */ = {isa = PBXBuildFile; fileRef = 293BC2AA28F50C9A00B0BF2B /* SmackChatUITests.swift */; };
		293BC2AD28F50C9A00B0BF2B /* SmackChatUITestsLaunchTests.swift in Sources */ = {isa = PBXBuildFile; fileRef = 293BC2AC28F50C9A00B0BF2B /* SmackChatUITestsLaunchTests.swift */; };
		2990323B28F5BA8300F86636 /* R.generated.swift in Sources */ = {isa = PBXBuildFile; fileRef = 2990323A28F5BA8300F86636 /* R.generated.swift */; };
		2990323D28F6884C00F86636 /* UIColorExt.swift in Sources */ = {isa = PBXBuildFile; fileRef = 2990323C28F6884C00F86636 /* UIColorExt.swift */; };
		2990323F28F68C0F00F86636 /* Constants.swift in Sources */ = {isa = PBXBuildFile; fileRef = 2990323E28F68C0F00F86636 /* Constants.swift */; };
		2990324628F7214400F86636 /* SWRevealViewController.m in Sources */ = {isa = PBXBuildFile; fileRef = 2990324528F7214400F86636 /* SWRevealViewController.m */; };
		2990324E28F8063600F86636 /* ChatViewController.swift in Sources */ = {isa = PBXBuildFile; fileRef = 2990324D28F8063600F86636 /* ChatViewController.swift */; };
		2990325028F8064400F86636 /* ChannelViewController.swift in Sources */ = {isa = PBXBuildFile; fileRef = 2990324F28F8064400F86636 /* ChannelViewController.swift */; };
		2990325828F9156500F86636 /* GradientView.swift in Sources */ = {isa = PBXBuildFile; fileRef = 2990325728F9156500F86636 /* GradientView.swift */; };
		431E450D0E020EA5C6E6CD1D /* Pods_SmackChat.framework in Frameworks */ = {isa = PBXBuildFile; fileRef = AE2CC732ACCBFC1D3ED46004 /* Pods_SmackChat.framework */; };
		7D69F876697702CC72D83BC3 /* Pods_SmackChatTests.framework in Frameworks */ = {isa = PBXBuildFile; fileRef = 9E69ED3840FC011F923F21A7 /* Pods_SmackChatTests.framework */; };
		9085D6AEB5C068A1B1D97AD3 /* Pods_SmackChat_SmackChatUITests.framework in Frameworks */ = {isa = PBXBuildFile; fileRef = 4CE1B54D302A11ACDAEE3DAA /* Pods_SmackChat_SmackChatUITests.framework */; };
/* End PBXBuildFile section */

/* Begin PBXContainerItemProxy section */
		293BC29D28F50C9A00B0BF2B /* PBXContainerItemProxy */ = {
			isa = PBXContainerItemProxy;
			containerPortal = 293BC27E28F50C9900B0BF2B /* Project object */;
			proxyType = 1;
			remoteGlobalIDString = 293BC28528F50C9A00B0BF2B;
			remoteInfo = SmackChat;
		};
		293BC2A728F50C9A00B0BF2B /* PBXContainerItemProxy */ = {
			isa = PBXContainerItemProxy;
			containerPortal = 293BC27E28F50C9900B0BF2B /* Project object */;
			proxyType = 1;
			remoteGlobalIDString = 293BC28528F50C9A00B0BF2B;
			remoteInfo = SmackChat;
		};
/* End PBXContainerItemProxy section */

/* Begin PBXFileReference section */
		293BC28628F50C9A00B0BF2B /* SmackChat.app */ = {isa = PBXFileReference; explicitFileType = wrapper.application; includeInIndex = 0; path = SmackChat.app; sourceTree = BUILT_PRODUCTS_DIR; };
		293BC28928F50C9A00B0BF2B /* AppDelegate.swift */ = {isa = PBXFileReference; lastKnownFileType = sourcecode.swift; path = AppDelegate.swift; sourceTree = "<group>"; };
		293BC28B28F50C9A00B0BF2B /* SceneDelegate.swift */ = {isa = PBXFileReference; lastKnownFileType = sourcecode.swift; path = SceneDelegate.swift; sourceTree = "<group>"; };
		293BC28D28F50C9A00B0BF2B /* LoginViewController.swift */ = {isa = PBXFileReference; lastKnownFileType = sourcecode.swift; path = LoginViewController.swift; sourceTree = "<group>"; };
		293BC29228F50C9A00B0BF2B /* Assets.xcassets */ = {isa = PBXFileReference; lastKnownFileType = folder.assetcatalog; path = Assets.xcassets; sourceTree = "<group>"; };
		293BC29728F50C9A00B0BF2B /* Info.plist */ = {isa = PBXFileReference; lastKnownFileType = text.plist.xml; path = Info.plist; sourceTree = "<group>"; };
		293BC29C28F50C9A00B0BF2B /* SmackChatTests.xctest */ = {isa = PBXFileReference; explicitFileType = wrapper.cfbundle; includeInIndex = 0; path = SmackChatTests.xctest; sourceTree = BUILT_PRODUCTS_DIR; };
		293BC2A028F50C9A00B0BF2B /* SmackChatTests.swift */ = {isa = PBXFileReference; lastKnownFileType = sourcecode.swift; path = SmackChatTests.swift; sourceTree = "<group>"; };
		293BC2A628F50C9A00B0BF2B /* SmackChatUITests.xctest */ = {isa = PBXFileReference; explicitFileType = wrapper.cfbundle; includeInIndex = 0; path = SmackChatUITests.xctest; sourceTree = BUILT_PRODUCTS_DIR; };
		293BC2AA28F50C9A00B0BF2B /* SmackChatUITests.swift */ = {isa = PBXFileReference; lastKnownFileType = sourcecode.swift; path = SmackChatUITests.swift; sourceTree = "<group>"; };
		293BC2AC28F50C9A00B0BF2B /* SmackChatUITestsLaunchTests.swift */ = {isa = PBXFileReference; lastKnownFileType = sourcecode.swift; path = SmackChatUITestsLaunchTests.swift; sourceTree = "<group>"; };
		2990323A28F5BA8300F86636 /* R.generated.swift */ = {isa = PBXFileReference; fileEncoding = 4; lastKnownFileType = sourcecode.swift; path = R.generated.swift; sourceTree = SOURCE_ROOT; };
		2990323C28F6884C00F86636 /* UIColorExt.swift */ = {isa = PBXFileReference; lastKnownFileType = sourcecode.swift; path = UIColorExt.swift; sourceTree = "<group>"; };
		2990323E28F68C0F00F86636 /* Constants.swift */ = {isa = PBXFileReference; lastKnownFileType = sourcecode.swift; path = Constants.swift; sourceTree = "<group>"; };
		2990324328F7214400F86636 /* SmackChat-Bridging-Header.h */ = {isa = PBXFileReference; lastKnownFileType = sourcecode.c.h; path = "SmackChat-Bridging-Header.h"; sourceTree = "<group>"; };
		2990324428F7214400F86636 /* SWRevealViewController.h */ = {isa = PBXFileReference; fileEncoding = 4; lastKnownFileType = sourcecode.c.h; path = SWRevealViewController.h; sourceTree = "<group>"; };
		2990324528F7214400F86636 /* SWRevealViewController.m */ = {isa = PBXFileReference; fileEncoding = 4; lastKnownFileType = sourcecode.c.objc; path = SWRevealViewController.m; sourceTree = "<group>"; };
		2990324D28F8063600F86636 /* ChatViewController.swift */ = {isa = PBXFileReference; lastKnownFileType = sourcecode.swift; path = ChatViewController.swift; sourceTree = "<group>"; };
		2990324F28F8064400F86636 /* ChannelViewController.swift */ = {isa = PBXFileReference; lastKnownFileType = sourcecode.swift; path = ChannelViewController.swift; sourceTree = "<group>"; };
		2990325728F9156500F86636 /* GradientView.swift */ = {isa = PBXFileReference; lastKnownFileType = sourcecode.swift; path = GradientView.swift; sourceTree = "<group>"; };
		3E780B84C6167556BC9F1C68 /* Pods-SmackChatTests.release.xcconfig */ = {isa = PBXFileReference; includeInIndex = 1; lastKnownFileType = text.xcconfig; name = "Pods-SmackChatTests.release.xcconfig"; path = "Target Support Files/Pods-SmackChatTests/Pods-SmackChatTests.release.xcconfig"; sourceTree = "<group>"; };
		4CE1B54D302A11ACDAEE3DAA /* Pods_SmackChat_SmackChatUITests.framework */ = {isa = PBXFileReference; explicitFileType = wrapper.framework; includeInIndex = 0; path = Pods_SmackChat_SmackChatUITests.framework; sourceTree = BUILT_PRODUCTS_DIR; };
		593AED648BE331356D0AF345 /* Pods-SmackChat-SmackChatUITests.release.xcconfig */ = {isa = PBXFileReference; includeInIndex = 1; lastKnownFileType = text.xcconfig; name = "Pods-SmackChat-SmackChatUITests.release.xcconfig"; path = "Target Support Files/Pods-SmackChat-SmackChatUITests/Pods-SmackChat-SmackChatUITests.release.xcconfig"; sourceTree = "<group>"; };
		730AFBBA082C34B193CCDD5E /* Pods-SmackChatTests.debug.xcconfig */ = {isa = PBXFileReference; includeInIndex = 1; lastKnownFileType = text.xcconfig; name = "Pods-SmackChatTests.debug.xcconfig"; path = "Target Support Files/Pods-SmackChatTests/Pods-SmackChatTests.debug.xcconfig"; sourceTree = "<group>"; };
		9E69ED3840FC011F923F21A7 /* Pods_SmackChatTests.framework */ = {isa = PBXFileReference; explicitFileType = wrapper.framework; includeInIndex = 0; path = Pods_SmackChatTests.framework; sourceTree = BUILT_PRODUCTS_DIR; };
		AE2CC732ACCBFC1D3ED46004 /* Pods_SmackChat.framework */ = {isa = PBXFileReference; explicitFileType = wrapper.framework; includeInIndex = 0; path = Pods_SmackChat.framework; sourceTree = BUILT_PRODUCTS_DIR; };
		AE76A139350B72743C0574D8 /* Pods-SmackChat-SmackChatUITests.debug.xcconfig */ = {isa = PBXFileReference; includeInIndex = 1; lastKnownFileType = text.xcconfig; name = "Pods-SmackChat-SmackChatUITests.debug.xcconfig"; path = "Target Support Files/Pods-SmackChat-SmackChatUITests/Pods-SmackChat-SmackChatUITests.debug.xcconfig"; sourceTree = "<group>"; };
		BA08B571AA72CBEC743C4DB4 /* Pods-SmackChat.debug.xcconfig */ = {isa = PBXFileReference; includeInIndex = 1; lastKnownFileType = text.xcconfig; name = "Pods-SmackChat.debug.xcconfig"; path = "Target Support Files/Pods-SmackChat/Pods-SmackChat.debug.xcconfig"; sourceTree = "<group>"; };
		C523F2A16E410610CD18859B /* Pods-SmackChat.release.xcconfig */ = {isa = PBXFileReference; includeInIndex = 1; lastKnownFileType = text.xcconfig; name = "Pods-SmackChat.release.xcconfig"; path = "Target Support Files/Pods-SmackChat/Pods-SmackChat.release.xcconfig"; sourceTree = "<group>"; };
/* End PBXFileReference section */

/* Begin PBXFrameworksBuildPhase section */
		293BC28328F50C9A00B0BF2B /* Frameworks */ = {
			isa = PBXFrameworksBuildPhase;
			buildActionMask = 2147483647;
			files = (
				431E450D0E020EA5C6E6CD1D /* Pods_SmackChat.framework in Frameworks */,
			);
			runOnlyForDeploymentPostprocessing = 0;
		};
		293BC29928F50C9A00B0BF2B /* Frameworks */ = {
			isa = PBXFrameworksBuildPhase;
			buildActionMask = 2147483647;
			files = (
				7D69F876697702CC72D83BC3 /* Pods_SmackChatTests.framework in Frameworks */,
			);
			runOnlyForDeploymentPostprocessing = 0;
		};
		293BC2A328F50C9A00B0BF2B /* Frameworks */ = {
			isa = PBXFrameworksBuildPhase;
			buildActionMask = 2147483647;
			files = (
				9085D6AEB5C068A1B1D97AD3 /* Pods_SmackChat_SmackChatUITests.framework in Frameworks */,
			);
			runOnlyForDeploymentPostprocessing = 0;
		};
/* End PBXFrameworksBuildPhase section */

/* Begin PBXGroup section */
		293BC27D28F50C9900B0BF2B = {
			isa = PBXGroup;
			children = (
				293BC28828F50C9A00B0BF2B /* SmackChat */,
				293BC29F28F50C9A00B0BF2B /* SmackChatTests */,
				293BC2A928F50C9A00B0BF2B /* SmackChatUITests */,
				293BC28728F50C9A00B0BF2B /* Products */,
				37F012F9D543B1D428FAEF00 /* Pods */,
				52E926F11AB21AC1785C9D0E /* Frameworks */,
			);
			sourceTree = "<group>";
		};
		293BC28728F50C9A00B0BF2B /* Products */ = {
			isa = PBXGroup;
			children = (
				293BC28628F50C9A00B0BF2B /* SmackChat.app */,
				293BC29C28F50C9A00B0BF2B /* SmackChatTests.xctest */,
				293BC2A628F50C9A00B0BF2B /* SmackChatUITests.xctest */,
			);
			name = Products;
			sourceTree = "<group>";
		};
		293BC28828F50C9A00B0BF2B /* SmackChat */ = {
			isa = PBXGroup;
			children = (
				2990325628F9150100F86636 /* App */,
				2990325528F914FB00F86636 /* Core */,
				2990323728F5A17900F86636 /* Resource */,
				293BC29728F50C9A00B0BF2B /* Info.plist */,
			);
			path = SmackChat;
			sourceTree = "<group>";
		};
		293BC29F28F50C9A00B0BF2B /* SmackChatTests */ = {
			isa = PBXGroup;
			children = (
				293BC2A028F50C9A00B0BF2B /* SmackChatTests.swift */,
			);
			path = SmackChatTests;
			sourceTree = "<group>";
		};
		293BC2A928F50C9A00B0BF2B /* SmackChatUITests */ = {
			isa = PBXGroup;
			children = (
				293BC2AA28F50C9A00B0BF2B /* SmackChatUITests.swift */,
				293BC2AC28F50C9A00B0BF2B /* SmackChatUITestsLaunchTests.swift */,
			);
			path = SmackChatUITests;
			sourceTree = "<group>";
		};
		2990323728F5A17900F86636 /* Resource */ = {
			isa = PBXGroup;
			children = (
				2990324228F7212900F86636 /* SWReveal */,
				293BC29228F50C9A00B0BF2B /* Assets.xcassets */,
				2990323A28F5BA8300F86636 /* R.generated.swift */,
			);
			path = Resource;
			sourceTree = "<group>";
		};
		2990323828F5A1BF00F86636 /* Utilities */ = {
			isa = PBXGroup;
			children = (
				2990323E28F68C0F00F86636 /* Constants.swift */,
				2990323C28F6884C00F86636 /* UIColorExt.swift */,
				2990325428F9147D00F86636 /* View */,
			);
			path = Utilities;
			sourceTree = "<group>";
		};
		2990324228F7212900F86636 /* SWReveal */ = {
			isa = PBXGroup;
			children = (
				2990324428F7214400F86636 /* SWRevealViewController.h */,
				2990324528F7214400F86636 /* SWRevealViewController.m */,
				2990324328F7214400F86636 /* SmackChat-Bridging-Header.h */,
			);
			path = SWReveal;
			sourceTree = "<group>";
		};
		2990324728F800F800F86636 /* Models */ = {
			isa = PBXGroup;
			children = (
			);
			path = Models;
			sourceTree = "<group>";
		};
		2990324828F8010100F86636 /* ViewControllers */ = {
			isa = PBXGroup;
			children = (
				2990324F28F8064400F86636 /* ChannelViewController.swift */,
				2990324D28F8063600F86636 /* ChatViewController.swift */,
				293BC28D28F50C9A00B0BF2B /* LoginViewController.swift */,
			);
			path = ViewControllers;
			sourceTree = "<group>";
		};
		2990324928F8011300F86636 /* Presenters */ = {
			isa = PBXGroup;
			children = (
			);
			path = Presenters;
			sourceTree = "<group>";
		};
		2990324A28F8011D00F86636 /* Services */ = {
			isa = PBXGroup;
			children = (
			);
			path = Services;
			sourceTree = "<group>";
		};
		2990325428F9147D00F86636 /* View */ = {
			isa = PBXGroup;
			children = (
				2990325728F9156500F86636 /* GradientView.swift */,
			);
			path = View;
			sourceTree = "<group>";
		};
		2990325528F914FB00F86636 /* Core */ = {
			isa = PBXGroup;
			children = (
				2990323828F5A1BF00F86636 /* Utilities */,
				2990324A28F8011D00F86636 /* Services */,
			);
			path = Core;
			sourceTree = "<group>";
		};
		2990325628F9150100F86636 /* App */ = {
			isa = PBXGroup;
			children = (
				293BC28928F50C9A00B0BF2B /* AppDelegate.swift */,
				293BC28B28F50C9A00B0BF2B /* SceneDelegate.swift */,
				2990324728F800F800F86636 /* Models */,
				2990324828F8010100F86636 /* ViewControllers */,
				2990324928F8011300F86636 /* Presenters */,
			);
			path = App;
			sourceTree = "<group>";
		};
		37F012F9D543B1D428FAEF00 /* Pods */ = {
			isa = PBXGroup;
			children = (
				BA08B571AA72CBEC743C4DB4 /* Pods-SmackChat.debug.xcconfig */,
				C523F2A16E410610CD18859B /* Pods-SmackChat.release.xcconfig */,
				AE76A139350B72743C0574D8 /* Pods-SmackChat-SmackChatUITests.debug.xcconfig */,
				593AED648BE331356D0AF345 /* Pods-SmackChat-SmackChatUITests.release.xcconfig */,
				730AFBBA082C34B193CCDD5E /* Pods-SmackChatTests.debug.xcconfig */,
				3E780B84C6167556BC9F1C68 /* Pods-SmackChatTests.release.xcconfig */,
			);
			path = Pods;
			sourceTree = "<group>";
		};
		52E926F11AB21AC1785C9D0E /* Frameworks */ = {
			isa = PBXGroup;
			children = (
				AE2CC732ACCBFC1D3ED46004 /* Pods_SmackChat.framework */,
				4CE1B54D302A11ACDAEE3DAA /* Pods_SmackChat_SmackChatUITests.framework */,
				9E69ED3840FC011F923F21A7 /* Pods_SmackChatTests.framework */,
			);
			name = Frameworks;
			sourceTree = "<group>";
		};
/* End PBXGroup section */

/* Begin PBXNativeTarget section */
		293BC28528F50C9A00B0BF2B /* SmackChat */ = {
			isa = PBXNativeTarget;
			buildConfigurationList = 293BC2B028F50C9A00B0BF2B /* Build configuration list for PBXNativeTarget "SmackChat" */;
			buildPhases = (
				EDE66A37A1248EC1D24FA5D6 /* [CP] Check Pods Manifest.lock */,
				2990323928F5B93C00F86636 /* ShellScript */,
				293BC28228F50C9A00B0BF2B /* Sources */,
				293BC28328F50C9A00B0BF2B /* Frameworks */,
				293BC28428F50C9A00B0BF2B /* Resources */,
				1CADB7AAC49D36694484E8AB /* [CP] Embed Pods Frameworks */,
			);
			buildRules = (
			);
			dependencies = (
			);
			name = SmackChat;
			productName = SmackChat;
			productReference = 293BC28628F50C9A00B0BF2B /* SmackChat.app */;
			productType = "com.apple.product-type.application";
		};
		293BC29B28F50C9A00B0BF2B /* SmackChatTests */ = {
			isa = PBXNativeTarget;
			buildConfigurationList = 293BC2B328F50C9A00B0BF2B /* Build configuration list for PBXNativeTarget "SmackChatTests" */;
			buildPhases = (
				A308B22F3CDF663EDBF2AE94 /* [CP] Check Pods Manifest.lock */,
				293BC29828F50C9A00B0BF2B /* Sources */,
				293BC29928F50C9A00B0BF2B /* Frameworks */,
				293BC29A28F50C9A00B0BF2B /* Resources */,
			);
			buildRules = (
			);
			dependencies = (
				293BC29E28F50C9A00B0BF2B /* PBXTargetDependency */,
			);
			name = SmackChatTests;
			productName = SmackChatTests;
			productReference = 293BC29C28F50C9A00B0BF2B /* SmackChatTests.xctest */;
			productType = "com.apple.product-type.bundle.unit-test";
		};
		293BC2A528F50C9A00B0BF2B /* SmackChatUITests */ = {
			isa = PBXNativeTarget;
			buildConfigurationList = 293BC2B628F50C9A00B0BF2B /* Build configuration list for PBXNativeTarget "SmackChatUITests" */;
			buildPhases = (
				7A51EAFDF99D1FA5DF438732 /* [CP] Check Pods Manifest.lock */,
				293BC2A228F50C9A00B0BF2B /* Sources */,
				293BC2A328F50C9A00B0BF2B /* Frameworks */,
				293BC2A428F50C9A00B0BF2B /* Resources */,
				F74B9F8C50F64C0279A9C8EB /* [CP] Embed Pods Frameworks */,
			);
			buildRules = (
			);
			dependencies = (
				293BC2A828F50C9A00B0BF2B /* PBXTargetDependency */,
			);
			name = SmackChatUITests;
			productName = SmackChatUITests;
			productReference = 293BC2A628F50C9A00B0BF2B /* SmackChatUITests.xctest */;
			productType = "com.apple.product-type.bundle.ui-testing";
		};
/* End PBXNativeTarget section */

/* Begin PBXProject section */
		293BC27E28F50C9900B0BF2B /* Project object */ = {
			isa = PBXProject;
			attributes = {
				BuildIndependentTargetsInParallel = 1;
				LastSwiftUpdateCheck = 1340;
				LastUpgradeCheck = 1340;
				TargetAttributes = {
					293BC28528F50C9A00B0BF2B = {
						CreatedOnToolsVersion = 13.4.1;
						LastSwiftMigration = 1340;
					};
					293BC29B28F50C9A00B0BF2B = {
						CreatedOnToolsVersion = 13.4.1;
						TestTargetID = 293BC28528F50C9A00B0BF2B;
					};
					293BC2A528F50C9A00B0BF2B = {
						CreatedOnToolsVersion = 13.4.1;
						TestTargetID = 293BC28528F50C9A00B0BF2B;
					};
				};
			};
			buildConfigurationList = 293BC28128F50C9900B0BF2B /* Build configuration list for PBXProject "SmackChat" */;
			compatibilityVersion = "Xcode 13.0";
			developmentRegion = en;
			hasScannedForEncodings = 0;
			knownRegions = (
				en,
				Base,
			);
			mainGroup = 293BC27D28F50C9900B0BF2B;
			productRefGroup = 293BC28728F50C9A00B0BF2B /* Products */;
			projectDirPath = "";
			projectRoot = "";
			targets = (
				293BC28528F50C9A00B0BF2B /* SmackChat */,
				293BC29B28F50C9A00B0BF2B /* SmackChatTests */,
				293BC2A528F50C9A00B0BF2B /* SmackChatUITests */,
			);
		};
/* End PBXProject section */

/* Begin PBXResourcesBuildPhase section */
		293BC28428F50C9A00B0BF2B /* Resources */ = {
			isa = PBXResourcesBuildPhase;
			buildActionMask = 2147483647;
			files = (
				293BC29328F50C9A00B0BF2B /* Assets.xcassets in Resources */,
			);
			runOnlyForDeploymentPostprocessing = 0;
		};
		293BC29A28F50C9A00B0BF2B /* Resources */ = {
			isa = PBXResourcesBuildPhase;
			buildActionMask = 2147483647;
			files = (
			);
			runOnlyForDeploymentPostprocessing = 0;
		};
		293BC2A428F50C9A00B0BF2B /* Resources */ = {
			isa = PBXResourcesBuildPhase;
			buildActionMask = 2147483647;
			files = (
			);
			runOnlyForDeploymentPostprocessing = 0;
		};
/* End PBXResourcesBuildPhase section */

/* Begin PBXShellScriptBuildPhase section */
		1CADB7AAC49D36694484E8AB /* [CP] Embed Pods Frameworks */ = {
			isa = PBXShellScriptBuildPhase;
			buildActionMask = 2147483647;
			files = (
			);
			inputFileListPaths = (
				"${PODS_ROOT}/Target Support Files/Pods-SmackChat/Pods-SmackChat-frameworks-${CONFIGURATION}-input-files.xcfilelist",
			);
			name = "[CP] Embed Pods Frameworks";
			outputFileListPaths = (
				"${PODS_ROOT}/Target Support Files/Pods-SmackChat/Pods-SmackChat-frameworks-${CONFIGURATION}-output-files.xcfilelist",
			);
			runOnlyForDeploymentPostprocessing = 0;
			shellPath = /bin/sh;
			shellScript = "\"${PODS_ROOT}/Target Support Files/Pods-SmackChat/Pods-SmackChat-frameworks.sh\"\n";
			showEnvVarsInLog = 0;
		};
		2990323928F5B93C00F86636 /* ShellScript */ = {
			isa = PBXShellScriptBuildPhase;
			buildActionMask = 2147483647;
			files = (
			);
			inputFileListPaths = (
			);
			inputPaths = (
			);
			outputFileListPaths = (
			);
			outputPaths = (
				$SRCROOT/R.generated.swift,
			);
			runOnlyForDeploymentPostprocessing = 0;
			shellPath = /bin/sh;
			shellScript = "\"$PODS_ROOT/R.swift/rswift\" generate \"$SRCROOT/R.generated.swift\"\n";
		};
		7A51EAFDF99D1FA5DF438732 /* [CP] Check Pods Manifest.lock */ = {
			isa = PBXShellScriptBuildPhase;
			buildActionMask = 2147483647;
			files = (
			);
			inputFileListPaths = (
			);
			inputPaths = (
				"${PODS_PODFILE_DIR_PATH}/Podfile.lock",
				"${PODS_ROOT}/Manifest.lock",
			);
			name = "[CP] Check Pods Manifest.lock";
			outputFileListPaths = (
			);
			outputPaths = (
				"$(DERIVED_FILE_DIR)/Pods-SmackChat-SmackChatUITests-checkManifestLockResult.txt",
			);
			runOnlyForDeploymentPostprocessing = 0;
			shellPath = /bin/sh;
			shellScript = "diff \"${PODS_PODFILE_DIR_PATH}/Podfile.lock\" \"${PODS_ROOT}/Manifest.lock\" > /dev/null\nif [ $? != 0 ] ; then\n    # print error to STDERR\n    echo \"error: The sandbox is not in sync with the Podfile.lock. Run 'pod install' or update your CocoaPods installation.\" >&2\n    exit 1\nfi\n# This output is used by Xcode 'outputs' to avoid re-running this script phase.\necho \"SUCCESS\" > \"${SCRIPT_OUTPUT_FILE_0}\"\n";
			showEnvVarsInLog = 0;
		};
		A308B22F3CDF663EDBF2AE94 /* [CP] Check Pods Manifest.lock */ = {
			isa = PBXShellScriptBuildPhase;
			buildActionMask = 2147483647;
			files = (
			);
			inputFileListPaths = (
			);
			inputPaths = (
				"${PODS_PODFILE_DIR_PATH}/Podfile.lock",
				"${PODS_ROOT}/Manifest.lock",
			);
			name = "[CP] Check Pods Manifest.lock";
			outputFileListPaths = (
			);
			outputPaths = (
				"$(DERIVED_FILE_DIR)/Pods-SmackChatTests-checkManifestLockResult.txt",
			);
			runOnlyForDeploymentPostprocessing = 0;
			shellPath = /bin/sh;
			shellScript = "diff \"${PODS_PODFILE_DIR_PATH}/Podfile.lock\" \"${PODS_ROOT}/Manifest.lock\" > /dev/null\nif [ $? != 0 ] ; then\n    # print error to STDERR\n    echo \"error: The sandbox is not in sync with the Podfile.lock. Run 'pod install' or update your CocoaPods installation.\" >&2\n    exit 1\nfi\n# This output is used by Xcode 'outputs' to avoid re-running this script phase.\necho \"SUCCESS\" > \"${SCRIPT_OUTPUT_FILE_0}\"\n";
			showEnvVarsInLog = 0;
		};
		EDE66A37A1248EC1D24FA5D6 /* [CP] Check Pods Manifest.lock */ = {
			isa = PBXShellScriptBuildPhase;
			buildActionMask = 2147483647;
			files = (
			);
			inputFileListPaths = (
			);
			inputPaths = (
				"${PODS_PODFILE_DIR_PATH}/Podfile.lock",
				"${PODS_ROOT}/Manifest.lock",
			);
			name = "[CP] Check Pods Manifest.lock";
			outputFileListPaths = (
			);
			outputPaths = (
				"$(DERIVED_FILE_DIR)/Pods-SmackChat-checkManifestLockResult.txt",
			);
			runOnlyForDeploymentPostprocessing = 0;
			shellPath = /bin/sh;
			shellScript = "diff \"${PODS_PODFILE_DIR_PATH}/Podfile.lock\" \"${PODS_ROOT}/Manifest.lock\" > /dev/null\nif [ $? != 0 ] ; then\n    # print error to STDERR\n    echo \"error: The sandbox is not in sync with the Podfile.lock. Run 'pod install' or update your CocoaPods installation.\" >&2\n    exit 1\nfi\n# This output is used by Xcode 'outputs' to avoid re-running this script phase.\necho \"SUCCESS\" > \"${SCRIPT_OUTPUT_FILE_0}\"\n";
			showEnvVarsInLog = 0;
		};
		F74B9F8C50F64C0279A9C8EB /* [CP] Embed Pods Frameworks */ = {
			isa = PBXShellScriptBuildPhase;
			buildActionMask = 2147483647;
			files = (
			);
			inputFileListPaths = (
				"${PODS_ROOT}/Target Support Files/Pods-SmackChat-SmackChatUITests/Pods-SmackChat-SmackChatUITests-frameworks-${CONFIGURATION}-input-files.xcfilelist",
			);
			name = "[CP] Embed Pods Frameworks";
			outputFileListPaths = (
				"${PODS_ROOT}/Target Support Files/Pods-SmackChat-SmackChatUITests/Pods-SmackChat-SmackChatUITests-frameworks-${CONFIGURATION}-output-files.xcfilelist",
			);
			runOnlyForDeploymentPostprocessing = 0;
			shellPath = /bin/sh;
			shellScript = "\"${PODS_ROOT}/Target Support Files/Pods-SmackChat-SmackChatUITests/Pods-SmackChat-SmackChatUITests-frameworks.sh\"\n";
			showEnvVarsInLog = 0;
		};
/* End PBXShellScriptBuildPhase section */

/* Begin PBXSourcesBuildPhase section */
		293BC28228F50C9A00B0BF2B /* Sources */ = {
			isa = PBXSourcesBuildPhase;
			buildActionMask = 2147483647;
			files = (
				2990324628F7214400F86636 /* SWRevealViewController.m in Sources */,
				2990325028F8064400F86636 /* ChannelViewController.swift in Sources */,
				2990325828F9156500F86636 /* GradientView.swift in Sources */,
				293BC28E28F50C9A00B0BF2B /* LoginViewController.swift in Sources */,
				2990324E28F8063600F86636 /* ChatViewController.swift in Sources */,
				293BC28A28F50C9A00B0BF2B /* AppDelegate.swift in Sources */,
				293BC28C28F50C9A00B0BF2B /* SceneDelegate.swift in Sources */,
				2990323D28F6884C00F86636 /* UIColorExt.swift in Sources */,
				2990323B28F5BA8300F86636 /* R.generated.swift in Sources */,
				2990323F28F68C0F00F86636 /* Constants.swift in Sources */,
			);
			runOnlyForDeploymentPostprocessing = 0;
		};
		293BC29828F50C9A00B0BF2B /* Sources */ = {
			isa = PBXSourcesBuildPhase;
			buildActionMask = 2147483647;
			files = (
				293BC2A128F50C9A00B0BF2B /* SmackChatTests.swift in Sources */,
			);
			runOnlyForDeploymentPostprocessing = 0;
		};
		293BC2A228F50C9A00B0BF2B /* Sources */ = {
			isa = PBXSourcesBuildPhase;
			buildActionMask = 2147483647;
			files = (
				293BC2AD28F50C9A00B0BF2B /* SmackChatUITestsLaunchTests.swift in Sources */,
				293BC2AB28F50C9A00B0BF2B /* SmackChatUITests.swift in Sources */,
			);
			runOnlyForDeploymentPostprocessing = 0;
		};
/* End PBXSourcesBuildPhase section */

/* Begin PBXTargetDependency section */
		293BC29E28F50C9A00B0BF2B /* PBXTargetDependency */ = {
			isa = PBXTargetDependency;
			target = 293BC28528F50C9A00B0BF2B /* SmackChat */;
			targetProxy = 293BC29D28F50C9A00B0BF2B /* PBXContainerItemProxy */;
		};
		293BC2A828F50C9A00B0BF2B /* PBXTargetDependency */ = {
			isa = PBXTargetDependency;
			target = 293BC28528F50C9A00B0BF2B /* SmackChat */;
			targetProxy = 293BC2A728F50C9A00B0BF2B /* PBXContainerItemProxy */;
		};
/* End PBXTargetDependency section */

/* Begin XCBuildConfiguration section */
		293BC2AE28F50C9A00B0BF2B /* Debug */ = {
			isa = XCBuildConfiguration;
			buildSettings = {
				ALWAYS_SEARCH_USER_PATHS = NO;
				CLANG_ANALYZER_NONNULL = YES;
				CLANG_ANALYZER_NUMBER_OBJECT_CONVERSION = YES_AGGRESSIVE;
				CLANG_CXX_LANGUAGE_STANDARD = "gnu++17";
				CLANG_ENABLE_MODULES = YES;
				CLANG_ENABLE_OBJC_ARC = YES;
				CLANG_ENABLE_OBJC_WEAK = YES;
				CLANG_WARN_BLOCK_CAPTURE_AUTORELEASING = YES;
				CLANG_WARN_BOOL_CONVERSION = YES;
				CLANG_WARN_COMMA = YES;
				CLANG_WARN_CONSTANT_CONVERSION = YES;
				CLANG_WARN_DEPRECATED_OBJC_IMPLEMENTATIONS = YES;
				CLANG_WARN_DIRECT_OBJC_ISA_USAGE = YES_ERROR;
				CLANG_WARN_DOCUMENTATION_COMMENTS = YES;
				CLANG_WARN_EMPTY_BODY = YES;
				CLANG_WARN_ENUM_CONVERSION = YES;
				CLANG_WARN_INFINITE_RECURSION = YES;
				CLANG_WARN_INT_CONVERSION = YES;
				CLANG_WARN_NON_LITERAL_NULL_CONVERSION = YES;
				CLANG_WARN_OBJC_IMPLICIT_RETAIN_SELF = YES;
				CLANG_WARN_OBJC_LITERAL_CONVERSION = YES;
				CLANG_WARN_OBJC_ROOT_CLASS = YES_ERROR;
				CLANG_WARN_QUOTED_INCLUDE_IN_FRAMEWORK_HEADER = YES;
				CLANG_WARN_RANGE_LOOP_ANALYSIS = YES;
				CLANG_WARN_STRICT_PROTOTYPES = YES;
				CLANG_WARN_SUSPICIOUS_MOVE = YES;
				CLANG_WARN_UNGUARDED_AVAILABILITY = YES_AGGRESSIVE;
				CLANG_WARN_UNREACHABLE_CODE = YES;
				CLANG_WARN__DUPLICATE_METHOD_MATCH = YES;
				COPY_PHASE_STRIP = NO;
				DEBUG_INFORMATION_FORMAT = dwarf;
				ENABLE_STRICT_OBJC_MSGSEND = YES;
				ENABLE_TESTABILITY = YES;
				GCC_C_LANGUAGE_STANDARD = gnu11;
				GCC_DYNAMIC_NO_PIC = NO;
				GCC_NO_COMMON_BLOCKS = YES;
				GCC_OPTIMIZATION_LEVEL = 0;
				GCC_PREPROCESSOR_DEFINITIONS = (
					"DEBUG=1",
					"$(inherited)",
				);
				GCC_WARN_64_TO_32_BIT_CONVERSION = YES;
				GCC_WARN_ABOUT_RETURN_TYPE = YES_ERROR;
				GCC_WARN_UNDECLARED_SELECTOR = YES;
				GCC_WARN_UNINITIALIZED_AUTOS = YES_AGGRESSIVE;
				GCC_WARN_UNUSED_FUNCTION = YES;
				GCC_WARN_UNUSED_VARIABLE = YES;
				IPHONEOS_DEPLOYMENT_TARGET = 13.0;
				MTL_ENABLE_DEBUG_INFO = INCLUDE_SOURCE;
				MTL_FAST_MATH = YES;
				ONLY_ACTIVE_ARCH = YES;
				SDKROOT = iphoneos;
				SWIFT_ACTIVE_COMPILATION_CONDITIONS = DEBUG;
				SWIFT_OPTIMIZATION_LEVEL = "-Onone";
			};
			name = Debug;
		};
		293BC2AF28F50C9A00B0BF2B /* Release */ = {
			isa = XCBuildConfiguration;
			buildSettings = {
				ALWAYS_SEARCH_USER_PATHS = NO;
				CLANG_ANALYZER_NONNULL = YES;
				CLANG_ANALYZER_NUMBER_OBJECT_CONVERSION = YES_AGGRESSIVE;
				CLANG_CXX_LANGUAGE_STANDARD = "gnu++17";
				CLANG_ENABLE_MODULES = YES;
				CLANG_ENABLE_OBJC_ARC = YES;
				CLANG_ENABLE_OBJC_WEAK = YES;
				CLANG_WARN_BLOCK_CAPTURE_AUTORELEASING = YES;
				CLANG_WARN_BOOL_CONVERSION = YES;
				CLANG_WARN_COMMA = YES;
				CLANG_WARN_CONSTANT_CONVERSION = YES;
				CLANG_WARN_DEPRECATED_OBJC_IMPLEMENTATIONS = YES;
				CLANG_WARN_DIRECT_OBJC_ISA_USAGE = YES_ERROR;
				CLANG_WARN_DOCUMENTATION_COMMENTS = YES;
				CLANG_WARN_EMPTY_BODY = YES;
				CLANG_WARN_ENUM_CONVERSION = YES;
				CLANG_WARN_INFINITE_RECURSION = YES;
				CLANG_WARN_INT_CONVERSION = YES;
				CLANG_WARN_NON_LITERAL_NULL_CONVERSION = YES;
				CLANG_WARN_OBJC_IMPLICIT_RETAIN_SELF = YES;
				CLANG_WARN_OBJC_LITERAL_CONVERSION = YES;
				CLANG_WARN_OBJC_ROOT_CLASS = YES_ERROR;
				CLANG_WARN_QUOTED_INCLUDE_IN_FRAMEWORK_HEADER = YES;
				CLANG_WARN_RANGE_LOOP_ANALYSIS = YES;
				CLANG_WARN_STRICT_PROTOTYPES = YES;
				CLANG_WARN_SUSPICIOUS_MOVE = YES;
				CLANG_WARN_UNGUARDED_AVAILABILITY = YES_AGGRESSIVE;
				CLANG_WARN_UNREACHABLE_CODE = YES;
				CLANG_WARN__DUPLICATE_METHOD_MATCH = YES;
				COPY_PHASE_STRIP = NO;
				DEBUG_INFORMATION_FORMAT = "dwarf-with-dsym";
				ENABLE_NS_ASSERTIONS = NO;
				ENABLE_STRICT_OBJC_MSGSEND = YES;
				GCC_C_LANGUAGE_STANDARD = gnu11;
				GCC_NO_COMMON_BLOCKS = YES;
				GCC_WARN_64_TO_32_BIT_CONVERSION = YES;
				GCC_WARN_ABOUT_RETURN_TYPE = YES_ERROR;
				GCC_WARN_UNDECLARED_SELECTOR = YES;
				GCC_WARN_UNINITIALIZED_AUTOS = YES_AGGRESSIVE;
				GCC_WARN_UNUSED_FUNCTION = YES;
				GCC_WARN_UNUSED_VARIABLE = YES;
				IPHONEOS_DEPLOYMENT_TARGET = 13.0;
				MTL_ENABLE_DEBUG_INFO = NO;
				MTL_FAST_MATH = YES;
				SDKROOT = iphoneos;
				SWIFT_COMPILATION_MODE = wholemodule;
				SWIFT_OPTIMIZATION_LEVEL = "-O";
				VALIDATE_PRODUCT = YES;
			};
			name = Release;
		};
		293BC2B128F50C9A00B0BF2B /* Debug */ = {
			isa = XCBuildConfiguration;
			baseConfigurationReference = BA08B571AA72CBEC743C4DB4 /* Pods-SmackChat.debug.xcconfig */;
			buildSettings = {
				ASSETCATALOG_COMPILER_APPICON_NAME = AppIcon;
				ASSETCATALOG_COMPILER_GLOBAL_ACCENT_COLOR_NAME = AccentColor;
				CLANG_ENABLE_MODULES = YES;
				CODE_SIGN_STYLE = Automatic;
				CURRENT_PROJECT_VERSION = 1;
				DEVELOPMENT_TEAM = 8XL3CTDGG8;
				GENERATE_INFOPLIST_FILE = YES;
				INFOPLIST_FILE = SmackChat/Info.plist;
				INFOPLIST_KEY_UIApplicationSupportsIndirectInputEvents = YES;
				INFOPLIST_KEY_UILaunchStoryboardName = LaunchScreen;
				INFOPLIST_KEY_UISupportedInterfaceOrientations = UIInterfaceOrientationPortrait;
				INFOPLIST_KEY_UISupportedInterfaceOrientations_iPad = "UIInterfaceOrientationPortrait UIInterfaceOrientationPortraitUpsideDown UIInterfaceOrientationLandscapeLeft UIInterfaceOrientationLandscapeRight";
				INFOPLIST_KEY_UISupportedInterfaceOrientations_iPhone = "UIInterfaceOrientationPortrait UIInterfaceOrientationLandscapeLeft UIInterfaceOrientationLandscapeRight";
				IPHONEOS_DEPLOYMENT_TARGET = 13.0;
				LD_RUNPATH_SEARCH_PATHS = (
					"$(inherited)",
					"@executable_path/Frameworks",
				);
				MARKETING_VERSION = 1.0;
				PRODUCT_BUNDLE_IDENTIFIER = "com.asset-ryskul.SmackChat";
				PRODUCT_NAME = "$(TARGET_NAME)";
				SWIFT_EMIT_LOC_STRINGS = YES;
				SWIFT_OBJC_BRIDGING_HEADER = "SmackChat/Resource/SWReveal/SmackChat-Bridging-Header.h";
				SWIFT_OPTIMIZATION_LEVEL = "-Onone";
				SWIFT_VERSION = 5.0;
				TARGETED_DEVICE_FAMILY = 1;
			};
			name = Debug;
		};
		293BC2B228F50C9A00B0BF2B /* Release */ = {
			isa = XCBuildConfiguration;
			baseConfigurationReference = C523F2A16E410610CD18859B /* Pods-SmackChat.release.xcconfig */;
			buildSettings = {
				ASSETCATALOG_COMPILER_APPICON_NAME = AppIcon;
				ASSETCATALOG_COMPILER_GLOBAL_ACCENT_COLOR_NAME = AccentColor;
				CLANG_ENABLE_MODULES = YES;
				CODE_SIGN_STYLE = Automatic;
				CURRENT_PROJECT_VERSION = 1;
				DEVELOPMENT_TEAM = 8XL3CTDGG8;
				GENERATE_INFOPLIST_FILE = YES;
				INFOPLIST_FILE = SmackChat/Info.plist;
				INFOPLIST_KEY_UIApplicationSupportsIndirectInputEvents = YES;
				INFOPLIST_KEY_UILaunchStoryboardName = LaunchScreen;
				INFOPLIST_KEY_UISupportedInterfaceOrientations = UIInterfaceOrientationPortrait;
				INFOPLIST_KEY_UISupportedInterfaceOrientations_iPad = "UIInterfaceOrientationPortrait UIInterfaceOrientationPortraitUpsideDown UIInterfaceOrientationLandscapeLeft UIInterfaceOrientationLandscapeRight";
				INFOPLIST_KEY_UISupportedInterfaceOrientations_iPhone = "UIInterfaceOrientationPortrait UIInterfaceOrientationLandscapeLeft UIInterfaceOrientationLandscapeRight";
				IPHONEOS_DEPLOYMENT_TARGET = 13.0;
				LD_RUNPATH_SEARCH_PATHS = (
					"$(inherited)",
					"@executable_path/Frameworks",
				);
				MARKETING_VERSION = 1.0;
				PRODUCT_BUNDLE_IDENTIFIER = "com.asset-ryskul.SmackChat";
				PRODUCT_NAME = "$(TARGET_NAME)";
				SWIFT_EMIT_LOC_STRINGS = YES;
				SWIFT_OBJC_BRIDGING_HEADER = "SmackChat/Resource/SWReveal/SmackChat-Bridging-Header.h";
				SWIFT_VERSION = 5.0;
				TARGETED_DEVICE_FAMILY = 1;
			};
			name = Release;
		};
		293BC2B428F50C9A00B0BF2B /* Debug */ = {
			isa = XCBuildConfiguration;
			baseConfigurationReference = 730AFBBA082C34B193CCDD5E /* Pods-SmackChatTests.debug.xcconfig */;
			buildSettings = {
				ALWAYS_EMBED_SWIFT_STANDARD_LIBRARIES = YES;
				BUNDLE_LOADER = "$(TEST_HOST)";
				CODE_SIGN_STYLE = Automatic;
				CURRENT_PROJECT_VERSION = 1;
				DEVELOPMENT_TEAM = 8XL3CTDGG8;
				GENERATE_INFOPLIST_FILE = YES;
				IPHONEOS_DEPLOYMENT_TARGET = 15.5;
				MARKETING_VERSION = 1.0;
				PRODUCT_BUNDLE_IDENTIFIER = "com.asset-ryskul.SmackChatTests";
				PRODUCT_NAME = "$(TARGET_NAME)";
				SWIFT_EMIT_LOC_STRINGS = NO;
				SWIFT_VERSION = 5.0;
				TARGETED_DEVICE_FAMILY = "1,2";
				TEST_HOST = "$(BUILT_PRODUCTS_DIR)/SmackChat.app/SmackChat";
			};
			name = Debug;
		};
		293BC2B528F50C9A00B0BF2B /* Release */ = {
			isa = XCBuildConfiguration;
			baseConfigurationReference = 3E780B84C6167556BC9F1C68 /* Pods-SmackChatTests.release.xcconfig */;
			buildSettings = {
				ALWAYS_EMBED_SWIFT_STANDARD_LIBRARIES = YES;
				BUNDLE_LOADER = "$(TEST_HOST)";
				CODE_SIGN_STYLE = Automatic;
				CURRENT_PROJECT_VERSION = 1;
				DEVELOPMENT_TEAM = 8XL3CTDGG8;
				GENERATE_INFOPLIST_FILE = YES;
				IPHONEOS_DEPLOYMENT_TARGET = 15.5;
				MARKETING_VERSION = 1.0;
				PRODUCT_BUNDLE_IDENTIFIER = "com.asset-ryskul.SmackChatTests";
				PRODUCT_NAME = "$(TARGET_NAME)";
				SWIFT_EMIT_LOC_STRINGS = NO;
				SWIFT_VERSION = 5.0;
				TARGETED_DEVICE_FAMILY = "1,2";
				TEST_HOST = "$(BUILT_PRODUCTS_DIR)/SmackChat.app/SmackChat";
			};
			name = Release;
		};
		293BC2B728F50C9A00B0BF2B /* Debug */ = {
			isa = XCBuildConfiguration;
			baseConfigurationReference = AE76A139350B72743C0574D8 /* Pods-SmackChat-SmackChatUITests.debug.xcconfig */;
			buildSettings = {
				ALWAYS_EMBED_SWIFT_STANDARD_LIBRARIES = YES;
				CODE_SIGN_STYLE = Automatic;
				CURRENT_PROJECT_VERSION = 1;
				DEVELOPMENT_TEAM = 8XL3CTDGG8;
				GENERATE_INFOPLIST_FILE = YES;
				MARKETING_VERSION = 1.0;
				PRODUCT_BUNDLE_IDENTIFIER = "com.asset-ryskul.SmackChatUITests";
				PRODUCT_NAME = "$(TARGET_NAME)";
				SWIFT_EMIT_LOC_STRINGS = NO;
				SWIFT_VERSION = 5.0;
				TARGETED_DEVICE_FAMILY = "1,2";
				TEST_TARGET_NAME = SmackChat;
			};
			name = Debug;
		};
		293BC2B828F50C9A00B0BF2B /* Release */ = {
			isa = XCBuildConfiguration;
			baseConfigurationReference = 593AED648BE331356D0AF345 /* Pods-SmackChat-SmackChatUITests.release.xcconfig */;
			buildSettings = {
				ALWAYS_EMBED_SWIFT_STANDARD_LIBRARIES = YES;
				CODE_SIGN_STYLE = Automatic;
				CURRENT_PROJECT_VERSION = 1;
				DEVELOPMENT_TEAM = 8XL3CTDGG8;
				GENERATE_INFOPLIST_FILE = YES;
				MARKETING_VERSION = 1.0;
				PRODUCT_BUNDLE_IDENTIFIER = "com.asset-ryskul.SmackChatUITests";
				PRODUCT_NAME = "$(TARGET_NAME)";
				SWIFT_EMIT_LOC_STRINGS = NO;
				SWIFT_VERSION = 5.0;
				TARGETED_DEVICE_FAMILY = "1,2";
				TEST_TARGET_NAME = SmackChat;
			};
			name = Release;
		};
/* End XCBuildConfiguration section */

/* Begin XCConfigurationList section */
		293BC28128F50C9900B0BF2B /* Build configuration list for PBXProject "SmackChat" */ = {
			isa = XCConfigurationList;
			buildConfigurations = (
				293BC2AE28F50C9A00B0BF2B /* Debug */,
				293BC2AF28F50C9A00B0BF2B /* Release */,
			);
			defaultConfigurationIsVisible = 0;
			defaultConfigurationName = Release;
		};
		293BC2B028F50C9A00B0BF2B /* Build configuration list for PBXNativeTarget "SmackChat" */ = {
			isa = XCConfigurationList;
			buildConfigurations = (
				293BC2B128F50C9A00B0BF2B /* Debug */,
				293BC2B228F50C9A00B0BF2B /* Release */,
			);
			defaultConfigurationIsVisible = 0;
			defaultConfigurationName = Release;
		};
		293BC2B328F50C9A00B0BF2B /* Build configuration list for PBXNativeTarget "SmackChatTests" */ = {
			isa = XCConfigurationList;
			buildConfigurations = (
				293BC2B428F50C9A00B0BF2B /* Debug */,
				293BC2B528F50C9A00B0BF2B /* Release */,
			);
			defaultConfigurationIsVisible = 0;
			defaultConfigurationName = Release;
		};
		293BC2B628F50C9A00B0BF2B /* Build configuration list for PBXNativeTarget "SmackChatUITests" */ = {
			isa = XCConfigurationList;
			buildConfigurations = (
				293BC2B728F50C9A00B0BF2B /* Debug */,
				293BC2B828F50C9A00B0BF2B /* Release */,
			);
			defaultConfigurationIsVisible = 0;
			defaultConfigurationName = Release;
		};
/* End XCConfigurationList section */
	};
	rootObject = 293BC27E28F50C9900B0BF2B /* Project object */;
}
